
Microsoft Visual Studio Solution File, Format Version 12.00
# Visual Studio Version 17
VisualStudioVersion = 17.11.35208.52
MinimumVisualStudioVersion = 10.0.40219.1
Project("{FAE04EC0-301F-11D3-BF4B-00C04F79EFBC}") = "MyCalculatorTests", "MyCalculatorTests\MyCalculatorTests.csproj", "{F4B50E6E-DEB6-4FF8-91F9-E7D7574A67A6}"
EndProject
Global
	GlobalSection(SolutionConfigurationPlatforms) = preSolution
		Debug|Any CPU = Debug|Any CPU
		Release|Any CPU = Release|Any CPU
	EndGlobalSection
	GlobalSection(ProjectConfigurationPlatforms) = postSolution
		{F4B50E6E-DEB6-4FF8-91F9-E7D7574A67A6}.Debug|Any CPU.ActiveCfg = Debug|Any CPU
		{F4B50E6E-DEB6-4FF8-91F9-E7D7574A67A6}.Debug|Any CPU.Build.0 = Debug|Any CPU
		{F4B50E6E-DEB6-4FF8-91F9-E7D7574A67A6}.Release|Any CPU.ActiveCfg = Release|Any CPU
		{F4B50E6E-DEB6-4FF8-91F9-E7D7574A67A6}.Release|Any CPU.Build.0 = Release|Any CPU
	EndGlobalSection
	GlobalSection(SolutionProperties) = preSolution
		HideSolutionNode = FALSE
	EndGlobalSection
	GlobalSection(ExtensibilityGlobals) = postSolution
		SolutionGuid = {32958CDD-05C9-4473-896E-53454FB37699}
	EndGlobalSection
EndGlobal
